
Microsoft Visual Studio Solution File, Format Version 12.00
# Visual Studio Version 17
VisualStudioVersion = 17.8.34330.188
MinimumVisualStudioVersion = 10.0.40219.1
Project("{FAE04EC0-301F-11D3-BF4B-00C04F79EFBC}") = "LawFirmCMS", "LawFirmCMS\LawFirmCMS.csproj", "{FE874D6E-4A87-421D-9409-23E82688F2AF}"
EndProject
Global
	GlobalSection(SolutionConfigurationPlatforms) = preSolution
		Debug|Any CPU = Debug|Any CPU
		Release|Any CPU = Release|Any CPU
	EndGlobalSection
	GlobalSection(ProjectConfigurationPlatforms) = postSolution
		{FE874D6E-4A87-421D-9409-23E82688F2AF}.Debug|Any CPU.ActiveCfg = Debug|Any CPU
		{FE874D6E-4A87-421D-9409-23E82688F2AF}.Debug|Any CPU.Build.0 = Debug|Any CPU
		{FE874D6E-4A87-421D-9409-23E82688F2AF}.Release|Any CPU.ActiveCfg = Release|Any CPU
		{FE874D6E-4A87-421D-9409-23E82688F2AF}.Release|Any CPU.Build.0 = Release|Any CPU
	EndGlobalSection
	GlobalSection(SolutionProperties) = preSolution
		HideSolutionNode = FALSE
	EndGlobalSection
	GlobalSection(ExtensibilityGlobals) = postSolution
		SolutionGuid = {1F6BAD85-E31A-4FAF-AE5A-A6F587E90779}
	EndGlobalSection
EndGlobal
